
Microsoft Visual Studio Solution File, Format Version 12.00
# Visual Studio Version 17
VisualStudioVersion = 17.1.32414.318
MinimumVisualStudioVersion = 10.0.40219.1
Project("{9A19103F-16F7-4668-BE54-9A1E7A4F7556}") = "Assignment1", "Assignment1.csproj", "{7BC7ED5F-5A39-4258-BE27-3531762DB6D7}"
EndProject
Project("{FAE04EC0-301F-11D3-BF4B-00C04F79EFBC}") = "TestProject1", "..\TestProject1\TestProject1.csproj", "{134A543E-6641-4E93-893C-FF355673294C}"
EndProject
Global
	GlobalSection(SolutionConfigurationPlatforms) = preSolution
		Debug|Any CPU = Debug|Any CPU
		Release|Any CPU = Release|Any CPU
	EndGlobalSection
	GlobalSection(ProjectConfigurationPlatforms) = postSolution
		{7BC7ED5F-5A39-4258-BE27-3531762DB6D7}.Debug|Any CPU.ActiveCfg = Debug|Any CPU
		{7BC7ED5F-5A39-4258-BE27-3531762DB6D7}.Debug|Any CPU.Build.0 = Debug|Any CPU
		{7BC7ED5F-5A39-4258-BE27-3531762DB6D7}.Release|Any CPU.ActiveCfg = Release|Any CPU
		{7BC7ED5F-5A39-4258-BE27-3531762DB6D7}.Release|Any CPU.Build.0 = Release|Any CPU
		{134A543E-6641-4E93-893C-FF355673294C}.Debug|Any CPU.ActiveCfg = Debug|Any CPU
		{134A543E-6641-4E93-893C-FF355673294C}.Debug|Any CPU.Build.0 = Debug|Any CPU
		{134A543E-6641-4E93-893C-FF355673294C}.Release|Any CPU.ActiveCfg = Release|Any CPU
		{134A543E-6641-4E93-893C-FF355673294C}.Release|Any CPU.Build.0 = Release|Any CPU
	EndGlobalSection
	GlobalSection(SolutionProperties) = preSolution
		HideSolutionNode = FALSE
	EndGlobalSection
	GlobalSection(ExtensibilityGlobals) = postSolution
		SolutionGuid = {A4636842-FEE0-4074-95C6-EA57310786F3}
	EndGlobalSection
EndGlobal
